// !$*UTF8*$!
{
	archiveVersion = 1;
	classes = {
	};
	objectVersion = 56;
	objects = {

/* Begin PBXBuildFile section */
		211A21BAC4AB962A48DB5BD8 /* Stillkeys/App/StillkeysApp.swift in Sources */ = {isa = PBXBuildFile; fileRef = 6533ED82CFB18B7A39291B69 /* Stillkeys/App/StillkeysApp.swift */; };
		2AED0B0DF46AA3F9229E5147 /* StillkeysTests/SessionPolicyTests.swift in Sources */ = {isa = PBXBuildFile; fileRef = 9C2FE94547208B045D896993 /* StillkeysTests/SessionPolicyTests.swift */; };
		734858AA57D40BCF5845BF6E /* Stillkeys/Views/HomeView.swift in Sources */ = {isa = PBXBuildFile; fileRef = 29D0710DB0AF46D8974B6A98 /* Stillkeys/Views/HomeView.swift */; };
		766A8B5EFD74A425E7E66618 /* Stillkeys/Core/CleaningSession.swift in Sources */ = {isa = PBXBuildFile; fileRef = E3DD11BE2D241B055F52DCEE /* Stillkeys/Core/CleaningSession.swift */; };
		7C1A2086FF4210B4F24946FA /* StillkeysUITests/StillkeysUITests.swift in Sources */ = {isa = PBXBuildFile; fileRef = 9808B6F3A86A2D83C93E7A26 /* StillkeysUITests/StillkeysUITests.swift */; };
		978E37FC9D4FAE0BFB679C59 /* Stillkeys/Core/SessionPolicy.swift in Sources */ = {isa = PBXBuildFile; fileRef = C97BFCC9E50F6471D9C45DF5 /* Stillkeys/Core/SessionPolicy.swift */; };
		9FD478E01093196B2655193A /* Stillkeys/App/ScreenshotExporter.swift in Sources */ = {isa = PBXBuildFile; fileRef = 1667866D9970C9465FDB369B /* Stillkeys/App/ScreenshotExporter.swift */; };
		AB9492376D701EF10100C1F3 /* Stillkeys/Views/InformationViews.swift in Sources */ = {isa = PBXBuildFile; fileRef = A3EFB9AF3C198C6A3C880975 /* Stillkeys/Views/InformationViews.swift */; };
		ABC3FDC2E471F29BC3B18B73 /* Stillkeys/Views/KeyboardIllustration.swift in Sources */ = {isa = PBXBuildFile; fileRef = AC3ACD71E71E8C64B8C9267B /* Stillkeys/Views/KeyboardIllustration.swift */; };
		AD191D8C321E6F7864BAA4CC /* Stillkeys/Views/CleaningView.swift in Sources */ = {isa = PBXBuildFile; fileRef = F3B7392C8513E8DFE0D53FCF /* Stillkeys/Views/CleaningView.swift */; };
		BD0E9E80A0F00739A7EFE067 /* Stillkeys/Views/Theme.swift in Sources */ = {isa = PBXBuildFile; fileRef = 57BCFAA393708EEC3DD65339 /* Stillkeys/Views/Theme.swift */; };
		E7D5CE5171807F07ADF581C5 /* Stillkeys/Services/KeyboardShield.swift in Sources */ = {isa = PBXBuildFile; fileRef = EF1D7650CE1946889E9DB27D /* Stillkeys/Services/KeyboardShield.swift */; };
		EF9CD8069726E764AB5B068B /* Stillkeys/Resources/PrivacyInfo.xcprivacy in Resources */ = {isa = PBXBuildFile; fileRef = 573529BCCBD192843A7035D0 /* Stillkeys/Resources/PrivacyInfo.xcprivacy */; };
		FBB0CFE006819EE2002C2869 /* Stillkeys/Resources/Assets.xcassets in Resources */ = {isa = PBXBuildFile; fileRef = ACA9EFFFCF4522EB1FAA0EC9 /* Stillkeys/Resources/Assets.xcassets */; };
/* End PBXBuildFile section */

/* Begin PBXContainerItemProxy section */
		3C8F31EBBF35BD63ABCE2148 /* PBXContainerItemProxy */ = {
			isa = PBXContainerItemProxy;
			containerPortal = 98F54143AB4E86B28C3AFEE0 /* Project object */;
			proxyType = 1;
			remoteGlobalIDString = 730FCCF9CEAA1F8112403811;
			remoteInfo = Stillkeys;
		};
		477FCC9133AE54403A9DE4CF /* PBXContainerItemProxy */ = {
			isa = PBXContainerItemProxy;
			containerPortal = 98F54143AB4E86B28C3AFEE0 /* Project object */;
			proxyType = 1;
			remoteGlobalIDString = 730FCCF9CEAA1F8112403811;
			remoteInfo = Stillkeys;
		};
/* End PBXContainerItemProxy section */

/* Begin PBXFileReference section */
		056246EB013C60AE02163D18 /* Store/Screenshots */ = {isa = PBXFileReference; lastKnownFileType = folder; path = Store/Screenshots; sourceTree = "<group>"; };
		1667866D9970C9465FDB369B /* Stillkeys/App/ScreenshotExporter.swift */ = {isa = PBXFileReference; lastKnownFileType = sourcecode.swift; path = Stillkeys/App/ScreenshotExporter.swift; sourceTree = "<group>"; };
		247F2F7F8F6F37D2F82C4A9D /* Store/SUPPORT.md */ = {isa = PBXFileReference; lastKnownFileType = net.daringfireball.markdown; path = Store/SUPPORT.md; sourceTree = "<group>"; };
		26FFA5E4C3FBF835ADA874AF /* Config/Stillkeys.entitlements */ = {isa = PBXFileReference; lastKnownFileType = text.plist.entitlements; path = Config/Stillkeys.entitlements; sourceTree = "<group>"; };
		29D0710DB0AF46D8974B6A98 /* Stillkeys/Views/HomeView.swift */ = {isa = PBXFileReference; lastKnownFileType = sourcecode.swift; path = Stillkeys/Views/HomeView.swift; sourceTree = "<group>"; };
		2F638C465DD0A83598B2B2D8 /* Docs/FEASIBILITY.md */ = {isa = PBXFileReference; lastKnownFileType = net.daringfireball.markdown; path = Docs/FEASIBILITY.md; sourceTree = "<group>"; };
		3972ADC2FCEF151F2DFB5727 /* Store/PRIVACY.md */ = {isa = PBXFileReference; lastKnownFileType = net.daringfireball.markdown; path = Store/PRIVACY.md; sourceTree = "<group>"; };
		40D6BECD2FBCA5F8E4C521FE /* Docs/VALIDATION.md */ = {isa = PBXFileReference; lastKnownFileType = net.daringfireball.markdown; path = Docs/VALIDATION.md; sourceTree = "<group>"; };
		573529BCCBD192843A7035D0 /* Stillkeys/Resources/PrivacyInfo.xcprivacy */ = {isa = PBXFileReference; lastKnownFileType = text.xml; path = Stillkeys/Resources/PrivacyInfo.xcprivacy; sourceTree = "<group>"; };
		57BCFAA393708EEC3DD65339 /* Stillkeys/Views/Theme.swift */ = {isa = PBXFileReference; lastKnownFileType = sourcecode.swift; path = Stillkeys/Views/Theme.swift; sourceTree = "<group>"; };
		60ADFC3E16A62DEC970BEF59 /* Store/LISTING.md */ = {isa = PBXFileReference; lastKnownFileType = net.daringfireball.markdown; path = Store/LISTING.md; sourceTree = "<group>"; };
		6533ED82CFB18B7A39291B69 /* Stillkeys/App/StillkeysApp.swift */ = {isa = PBXFileReference; lastKnownFileType = sourcecode.swift; path = Stillkeys/App/StillkeysApp.swift; sourceTree = "<group>"; };
		6740F790B51021B5EF298A0B /* StillkeysUITests.xctest */ = {isa = PBXFileReference; explicitFileType = wrapper.cfbundle; includeInIndex = 0; path = StillkeysUITests.xctest; sourceTree = BUILT_PRODUCTS_DIR; };
		9808B6F3A86A2D83C93E7A26 /* StillkeysUITests/StillkeysUITests.swift */ = {isa = PBXFileReference; lastKnownFileType = sourcecode.swift; path = StillkeysUITests/StillkeysUITests.swift; sourceTree = "<group>"; };
		9C2FE94547208B045D896993 /* StillkeysTests/SessionPolicyTests.swift */ = {isa = PBXFileReference; lastKnownFileType = sourcecode.swift; path = StillkeysTests/SessionPolicyTests.swift; sourceTree = "<group>"; };
		A085F21DD9367CFC2FB74606 /* StillkeysTests.xctest */ = {isa = PBXFileReference; explicitFileType = wrapper.cfbundle; includeInIndex = 0; path = StillkeysTests.xctest; sourceTree = BUILT_PRODUCTS_DIR; };
		A3EFB9AF3C198C6A3C880975 /* Stillkeys/Views/InformationViews.swift */ = {isa = PBXFileReference; lastKnownFileType = sourcecode.swift; path = Stillkeys/Views/InformationViews.swift; sourceTree = "<group>"; };
		AA4ACA445B3FBAF47CDE31AC /* README.md */ = {isa = PBXFileReference; lastKnownFileType = net.daringfireball.markdown; path = README.md; sourceTree = "<group>"; };
		AC3ACD71E71E8C64B8C9267B /* Stillkeys/Views/KeyboardIllustration.swift */ = {isa = PBXFileReference; lastKnownFileType = sourcecode.swift; path = Stillkeys/Views/KeyboardIllustration.swift; sourceTree = "<group>"; };
		ACA9EFFFCF4522EB1FAA0EC9 /* Stillkeys/Resources/Assets.xcassets */ = {isa = PBXFileReference; lastKnownFileType = folder.assetcatalog; path = Stillkeys/Resources/Assets.xcassets; sourceTree = "<group>"; };
		B593F9BE4ECDB8443724B7E0 /* Config/StillkeysDirect.entitlements */ = {isa = PBXFileReference; lastKnownFileType = text.plist.entitlements; path = Config/StillkeysDirect.entitlements; sourceTree = "<group>"; };
		BD09C61B7D4E11FB4CE27F20 /* Docs/RELEASE.md */ = {isa = PBXFileReference; lastKnownFileType = net.daringfireball.markdown; path = Docs/RELEASE.md; sourceTree = "<group>"; };
		C97BFCC9E50F6471D9C45DF5 /* Stillkeys/Core/SessionPolicy.swift */ = {isa = PBXFileReference; lastKnownFileType = sourcecode.swift; path = Stillkeys/Core/SessionPolicy.swift; sourceTree = "<group>"; };
		CDD4B52A79312090260D2529 /* Stillkeys.app */ = {isa = PBXFileReference; explicitFileType = wrapper.application; includeInIndex = 0; path = Stillkeys.app; sourceTree = BUILT_PRODUCTS_DIR; };
		DB54DFCC926D0901A78AAF80 /* Store/metadata.json */ = {isa = PBXFileReference; lastKnownFileType = text.json; path = Store/metadata.json; sourceTree = "<group>"; };
		E3DD11BE2D241B055F52DCEE /* Stillkeys/Core/CleaningSession.swift */ = {isa = PBXFileReference; lastKnownFileType = sourcecode.swift; path = Stillkeys/Core/CleaningSession.swift; sourceTree = "<group>"; };
		EF1D7650CE1946889E9DB27D /* Stillkeys/Services/KeyboardShield.swift */ = {isa = PBXFileReference; lastKnownFileType = sourcecode.swift; path = Stillkeys/Services/KeyboardShield.swift; sourceTree = "<group>"; };
		F3B7392C8513E8DFE0D53FCF /* Stillkeys/Views/CleaningView.swift */ = {isa = PBXFileReference; lastKnownFileType = sourcecode.swift; path = Stillkeys/Views/CleaningView.swift; sourceTree = "<group>"; };
		FB0FF096DEBE56B4CE45144F /* Store/REVIEW-NOTES.md */ = {isa = PBXFileReference; lastKnownFileType = net.daringfireball.markdown; path = "Store/REVIEW-NOTES.md"; sourceTree = "<group>"; };
/* End PBXFileReference section */

/* Begin PBXFrameworksBuildPhase section */
		2863DFC5C797A084BD59B9EF /* Frameworks */ = {
			isa = PBXFrameworksBuildPhase;
			buildActionMask = 2147483647;
			files = (
			);
			runOnlyForDeploymentPostprocessing = 0;
		};
		5BD738955ABF50719378AAF0 /* Frameworks */ = {
			isa = PBXFrameworksBuildPhase;
			buildActionMask = 2147483647;
			files = (
			);
			runOnlyForDeploymentPostprocessing = 0;
		};
		C41FAAE9EAF4B8837C3ABBEF /* Frameworks */ = {
			isa = PBXFrameworksBuildPhase;
			buildActionMask = 2147483647;
			files = (
			);
			runOnlyForDeploymentPostprocessing = 0;
		};
/* End PBXFrameworksBuildPhase section */

/* Begin PBXGroup section */
		0A300DBF3250EDF7A3D43A3C /* StillkeysTests */ = {
			isa = PBXGroup;
			children = (
				9C2FE94547208B045D896993 /* StillkeysTests/SessionPolicyTests.swift */,
			);
			name = StillkeysTests;
			sourceTree = "<group>";
		};
		0C015D80C40814A4F8A9C0D6 /* Store */ = {
			isa = PBXGroup;
			children = (
				60ADFC3E16A62DEC970BEF59 /* Store/LISTING.md */,
				3972ADC2FCEF151F2DFB5727 /* Store/PRIVACY.md */,
				FB0FF096DEBE56B4CE45144F /* Store/REVIEW-NOTES.md */,
				247F2F7F8F6F37D2F82C4A9D /* Store/SUPPORT.md */,
				DB54DFCC926D0901A78AAF80 /* Store/metadata.json */,
				056246EB013C60AE02163D18 /* Store/Screenshots */,
			);
			name = Store;
			sourceTree = "<group>";
		};
		0F2612BBE722F8B97292B1A7 /* StillkeysUITests */ = {
			isa = PBXGroup;
			children = (
				9808B6F3A86A2D83C93E7A26 /* StillkeysUITests/StillkeysUITests.swift */,
			);
			name = StillkeysUITests;
			sourceTree = "<group>";
		};
		43F7D7609D069034AC22C7B3 /* Docs */ = {
			isa = PBXGroup;
			children = (
				2F638C465DD0A83598B2B2D8 /* Docs/FEASIBILITY.md */,
				BD09C61B7D4E11FB4CE27F20 /* Docs/RELEASE.md */,
				40D6BECD2FBCA5F8E4C521FE /* Docs/VALIDATION.md */,
			);
			name = Docs;
			sourceTree = "<group>";
		};
		615B463D1028E4E24B674CF7 /* Products */ = {
			isa = PBXGroup;
			children = (
				CDD4B52A79312090260D2529 /* Stillkeys.app */,
				A085F21DD9367CFC2FB74606 /* StillkeysTests.xctest */,
				6740F790B51021B5EF298A0B /* StillkeysUITests.xctest */,
			);
			name = Products;
			sourceTree = "<group>";
		};
		7ABA99BD4760A70BD7A26EA8 /* Stillkeys */ = {
			isa = PBXGroup;
			children = (
				D6FFFE3C8BE4D350098D3DF7 /* App */,
				80F1411D0F21A1744BBA2D3A /* Core */,
				A231A8C6FD655C86B5A7B5AE /* Services */,
				AA2618B185E460F3131DF69F /* Views */,
				9D8AE853B3291004D3E76343 /* Resources */,
			);
			name = Stillkeys;
			sourceTree = "<group>";
		};
		80F1411D0F21A1744BBA2D3A /* Core */ = {
			isa = PBXGroup;
			children = (
				E3DD11BE2D241B055F52DCEE /* Stillkeys/Core/CleaningSession.swift */,
				C97BFCC9E50F6471D9C45DF5 /* Stillkeys/Core/SessionPolicy.swift */,
			);
			name = Core;
			sourceTree = "<group>";
		};
		870B3294C0CBD48AF6BBCC1B = {
			isa = PBXGroup;
			children = (
				7ABA99BD4760A70BD7A26EA8 /* Stillkeys */,
				0A300DBF3250EDF7A3D43A3C /* StillkeysTests */,
				0F2612BBE722F8B97292B1A7 /* StillkeysUITests */,
				B6561938591A059DEBBCECA2 /* Config */,
				43F7D7609D069034AC22C7B3 /* Docs */,
				0C015D80C40814A4F8A9C0D6 /* Store */,
				AA4ACA445B3FBAF47CDE31AC /* README.md */,
				615B463D1028E4E24B674CF7 /* Products */,
			);
			sourceTree = "<group>";
		};
		9D8AE853B3291004D3E76343 /* Resources */ = {
			isa = PBXGroup;
			children = (
				ACA9EFFFCF4522EB1FAA0EC9 /* Stillkeys/Resources/Assets.xcassets */,
				573529BCCBD192843A7035D0 /* Stillkeys/Resources/PrivacyInfo.xcprivacy */,
			);
			name = Resources;
			sourceTree = "<group>";
		};
		A231A8C6FD655C86B5A7B5AE /* Services */ = {
			isa = PBXGroup;
			children = (
				EF1D7650CE1946889E9DB27D /* Stillkeys/Services/KeyboardShield.swift */,
			);
			name = Services;
			sourceTree = "<group>";
		};
		AA2618B185E460F3131DF69F /* Views */ = {
			isa = PBXGroup;
			children = (
				F3B7392C8513E8DFE0D53FCF /* Stillkeys/Views/CleaningView.swift */,
				29D0710DB0AF46D8974B6A98 /* Stillkeys/Views/HomeView.swift */,
				A3EFB9AF3C198C6A3C880975 /* Stillkeys/Views/InformationViews.swift */,
				AC3ACD71E71E8C64B8C9267B /* Stillkeys/Views/KeyboardIllustration.swift */,
				57BCFAA393708EEC3DD65339 /* Stillkeys/Views/Theme.swift */,
			);
			name = Views;
			sourceTree = "<group>";
		};
		B6561938591A059DEBBCECA2 /* Config */ = {
			isa = PBXGroup;
			children = (
				26FFA5E4C3FBF835ADA874AF /* Config/Stillkeys.entitlements */,
				B593F9BE4ECDB8443724B7E0 /* Config/StillkeysDirect.entitlements */,
			);
			name = Config;
			sourceTree = "<group>";
		};
		D6FFFE3C8BE4D350098D3DF7 /* App */ = {
			isa = PBXGroup;
			children = (
				1667866D9970C9465FDB369B /* Stillkeys/App/ScreenshotExporter.swift */,
				6533ED82CFB18B7A39291B69 /* Stillkeys/App/StillkeysApp.swift */,
			);
			name = App;
			sourceTree = "<group>";
		};
/* End PBXGroup section */

/* Begin PBXNativeTarget section */
		3F7160F56CCE292E97AFDBEC /* StillkeysUITests */ = {
			isa = PBXNativeTarget;
			buildConfigurationList = 0EB871C5B06EE31672170BA7 /* Build configuration list for PBXNativeTarget "StillkeysUITests" */;
			buildPhases = (
				13C8507205BC9EC2E41E88FE /* Sources */,
				C41FAAE9EAF4B8837C3ABBEF /* Frameworks */,
				BF8CFBF7467094FB5138D5EB /* Resources */,
			);
			buildRules = (
			);
			dependencies = (
				0B47C263E8E3066DE5FFFCA5 /* PBXTargetDependency */,
			);
			name = StillkeysUITests;
			productName = StillkeysUITests;
			productReference = 6740F790B51021B5EF298A0B /* StillkeysUITests.xctest */;
			productType = "com.apple.product-type.bundle.ui-testing";
		};
		730FCCF9CEAA1F8112403811 /* Stillkeys */ = {
			isa = PBXNativeTarget;
			buildConfigurationList = 9B2C6787D4764A0011B847AE /* Build configuration list for PBXNativeTarget "Stillkeys" */;
			buildPhases = (
				936B556CE077041D6DE541ED /* Sources */,
				2863DFC5C797A084BD59B9EF /* Frameworks */,
				569C43AA37D18697BC68C953 /* Resources */,
			);
			buildRules = (
			);
			dependencies = (
			);
			name = Stillkeys;
			productName = Stillkeys;
			productReference = CDD4B52A79312090260D2529 /* Stillkeys.app */;
			productType = "com.apple.product-type.application";
		};
		7724B03C203C8A1B24FD3FF4 /* StillkeysTests */ = {
			isa = PBXNativeTarget;
			buildConfigurationList = 0682B2707B2AC2971EB14D26 /* Build configuration list for PBXNativeTarget "StillkeysTests" */;
			buildPhases = (
				B1DB0D16EED13E7005693C85 /* Sources */,
				5BD738955ABF50719378AAF0 /* Frameworks */,
				4871424B1D49BB90B6AF4B1E /* Resources */,
			);
			buildRules = (
			);
			dependencies = (
				87FCBB81676DA5D9FD0D3C39 /* PBXTargetDependency */,
			);
			name = StillkeysTests;
			productName = StillkeysTests;
			productReference = A085F21DD9367CFC2FB74606 /* StillkeysTests.xctest */;
			productType = "com.apple.product-type.bundle.unit-test";
		};
/* End PBXNativeTarget section */

/* Begin PBXProject section */
		98F54143AB4E86B28C3AFEE0 /* Project object */ = {
			isa = PBXProject;
			attributes = {
				BuildIndependentTargetsInParallel = YES;
				LastSwiftUpdateCheck = 2660;
				LastUpgradeCheck = 2660;
				TargetAttributes = {
					3F7160F56CCE292E97AFDBEC = {
						CreatedOnToolsVersion = 26.6;
					};
					730FCCF9CEAA1F8112403811 = {
						CreatedOnToolsVersion = 26.6;
					};
					7724B03C203C8A1B24FD3FF4 = {
						CreatedOnToolsVersion = 26.6;
					};
				};
			};
			buildConfigurationList = 6650A2B5E24FA7522CE6B81C /* Build configuration list for PBXProject "Stillkeys" */;
			compatibilityVersion = "Xcode 14.0";
			developmentRegion = en;
			hasScannedForEncodings = 0;
			knownRegions = (
				en,
				Base,
			);
			mainGroup = 870B3294C0CBD48AF6BBCC1B;
			productRefGroup = 615B463D1028E4E24B674CF7 /* Products */;
			projectDirPath = "";
			projectRoot = "";
			targets = (
				730FCCF9CEAA1F8112403811 /* Stillkeys */,
				7724B03C203C8A1B24FD3FF4 /* StillkeysTests */,
				3F7160F56CCE292E97AFDBEC /* StillkeysUITests */,
			);
		};
/* End PBXProject section */

/* Begin PBXResourcesBuildPhase section */
		4871424B1D49BB90B6AF4B1E /* Resources */ = {
			isa = PBXResourcesBuildPhase;
			buildActionMask = 2147483647;
			files = (
			);
			runOnlyForDeploymentPostprocessing = 0;
		};
		569C43AA37D18697BC68C953 /* Resources */ = {
			isa = PBXResourcesBuildPhase;
			buildActionMask = 2147483647;
			files = (
				FBB0CFE006819EE2002C2869 /* Stillkeys/Resources/Assets.xcassets in Resources */,
				EF9CD8069726E764AB5B068B /* Stillkeys/Resources/PrivacyInfo.xcprivacy in Resources */,
			);
			runOnlyForDeploymentPostprocessing = 0;
		};
		BF8CFBF7467094FB5138D5EB /* Resources */ = {
			isa = PBXResourcesBuildPhase;
			buildActionMask = 2147483647;
			files = (
			);
			runOnlyForDeploymentPostprocessing = 0;
		};
/* End PBXResourcesBuildPhase section */

/* Begin PBXSourcesBuildPhase section */
		13C8507205BC9EC2E41E88FE /* Sources */ = {
			isa = PBXSourcesBuildPhase;
			buildActionMask = 2147483647;
			files = (
				7C1A2086FF4210B4F24946FA /* StillkeysUITests/StillkeysUITests.swift in Sources */,
			);
			runOnlyForDeploymentPostprocessing = 0;
		};
		936B556CE077041D6DE541ED /* Sources */ = {
			isa = PBXSourcesBuildPhase;
			buildActionMask = 2147483647;
			files = (
				9FD478E01093196B2655193A /* Stillkeys/App/ScreenshotExporter.swift in Sources */,
				211A21BAC4AB962A48DB5BD8 /* Stillkeys/App/StillkeysApp.swift in Sources */,
				766A8B5EFD74A425E7E66618 /* Stillkeys/Core/CleaningSession.swift in Sources */,
				978E37FC9D4FAE0BFB679C59 /* Stillkeys/Core/SessionPolicy.swift in Sources */,
				E7D5CE5171807F07ADF581C5 /* Stillkeys/Services/KeyboardShield.swift in Sources */,
				AD191D8C321E6F7864BAA4CC /* Stillkeys/Views/CleaningView.swift in Sources */,
				734858AA57D40BCF5845BF6E /* Stillkeys/Views/HomeView.swift in Sources */,
				AB9492376D701EF10100C1F3 /* Stillkeys/Views/InformationViews.swift in Sources */,
				ABC3FDC2E471F29BC3B18B73 /* Stillkeys/Views/KeyboardIllustration.swift in Sources */,
				BD0E9E80A0F00739A7EFE067 /* Stillkeys/Views/Theme.swift in Sources */,
			);
			runOnlyForDeploymentPostprocessing = 0;
		};
		B1DB0D16EED13E7005693C85 /* Sources */ = {
			isa = PBXSourcesBuildPhase;
			buildActionMask = 2147483647;
			files = (
				2AED0B0DF46AA3F9229E5147 /* StillkeysTests/SessionPolicyTests.swift in Sources */,
			);
			runOnlyForDeploymentPostprocessing = 0;
		};
/* End PBXSourcesBuildPhase section */

/* Begin PBXTargetDependency section */
		0B47C263E8E3066DE5FFFCA5 /* PBXTargetDependency */ = {
			isa = PBXTargetDependency;
			target = 730FCCF9CEAA1F8112403811 /* Stillkeys */;
			targetProxy = 3C8F31EBBF35BD63ABCE2148 /* PBXContainerItemProxy */;
		};
		87FCBB81676DA5D9FD0D3C39 /* PBXTargetDependency */ = {
			isa = PBXTargetDependency;
			target = 730FCCF9CEAA1F8112403811 /* Stillkeys */;
			targetProxy = 477FCC9133AE54403A9DE4CF /* PBXContainerItemProxy */;
		};
/* End PBXTargetDependency section */

/* Begin XCBuildConfiguration section */
		00765A7F4AC595C762589B9F /* DirectRelease */ = {
			isa = XCBuildConfiguration;
			buildSettings = {
				ASSETCATALOG_COMPILER_APPICON_NAME = AppIcon;
				ASSETCATALOG_COMPILER_GLOBAL_ACCENT_COLOR_NAME = AccentColor;
				CODE_SIGN_ENTITLEMENTS = Config/StillkeysDirect.entitlements;
				CODE_SIGN_INJECT_BASE_ENTITLEMENTS = NO;
				CODE_SIGN_STYLE = Automatic;
				CURRENT_PROJECT_VERSION = 1;
				DEVELOPMENT_TEAM = "";
				ENABLE_APP_SANDBOX = NO;
				ENABLE_HARDENED_RUNTIME = YES;
				GENERATE_INFOPLIST_FILE = YES;
				INFOPLIST_KEY_CFBundleDisplayName = Stillkeys;
				INFOPLIST_KEY_LSApplicationCategoryType = "public.app-category.utilities";
				INFOPLIST_KEY_LSMinimumSystemVersion = "$(MACOSX_DEPLOYMENT_TARGET)";
				INFOPLIST_KEY_NSHumanReadableCopyright = "Copyright © 2026 Coffee and Fun LLC.";
				INFOPLIST_KEY_NSPrincipalClass = NSApplication;
				LD_RUNPATH_SEARCH_PATHS = (
					"$(inherited)",
					"@executable_path/../Frameworks",
				);
				MARKETING_VERSION = 1.0.0;
				PRODUCT_BUNDLE_IDENTIFIER = com.coffeeandfun.stillkeys.direct;
				PRODUCT_MODULE_NAME = Stillkeys;
				PRODUCT_NAME = "$(TARGET_NAME)";
				SWIFT_ACTIVE_COMPILATION_CONDITIONS = "STILLKEYS_DIRECT $(inherited)";
				SWIFT_EMIT_LOC_STRINGS = YES;
			};
			name = DirectRelease;
		};
		050A7CCB05FBFF08C92BD253 /* DirectDebug */ = {
			isa = XCBuildConfiguration;
			buildSettings = {
				CODE_SIGN_STYLE = Automatic;
				DEVELOPMENT_TEAM = "";
				GENERATE_INFOPLIST_FILE = YES;
				LD_RUNPATH_SEARCH_PATHS = (
					"$(inherited)",
					"@executable_path/../Frameworks",
				);
				PRODUCT_BUNDLE_IDENTIFIER = com.coffeeandfun.stillkeysuitests.direct;
				PRODUCT_NAME = "$(TARGET_NAME)";
				SWIFT_EMIT_LOC_STRINGS = YES;
				TEST_TARGET_NAME = Stillkeys;
			};
			name = DirectDebug;
		};
		14C47BFD1EA2D5F6273D2B6C /* DirectRelease */ = {
			isa = XCBuildConfiguration;
			buildSettings = {
				CLANG_ENABLE_MODULES = YES;
				CLANG_ENABLE_OBJC_ARC = YES;
				CLANG_WARN_BOOL_CONVERSION = YES;
				CLANG_WARN_CONSTANT_CONVERSION = YES;
				CLANG_WARN_DOCUMENTATION_COMMENTS = YES;
				CLANG_WARN_ENUM_CONVERSION = YES;
				DEBUG_INFORMATION_FORMAT = "dwarf-with-dsym";
				ENABLE_STRICT_OBJC_MSGSEND = YES;
				ENABLE_TESTABILITY = NO;
				GCC_NO_COMMON_BLOCKS = YES;
				GCC_WARN_UNUSED_FUNCTION = YES;
				GCC_WARN_UNUSED_VARIABLE = YES;
				MACOSX_DEPLOYMENT_TARGET = 14.0;
				ONLY_ACTIVE_ARCH = NO;
				SDKROOT = macosx;
				SWIFT_COMPILATION_MODE = wholemodule;
				SWIFT_OPTIMIZATION_LEVEL = "-O";
				SWIFT_STRICT_CONCURRENCY = complete;
				SWIFT_VERSION = 6.0;
			};
			name = DirectRelease;
		};
		1CF0F02EB4DA6372DCB381BD /* Release */ = {
			isa = XCBuildConfiguration;
			buildSettings = {
				CODE_SIGN_STYLE = Automatic;
				DEVELOPMENT_TEAM = "";
				GENERATE_INFOPLIST_FILE = YES;
				LD_RUNPATH_SEARCH_PATHS = (
					"$(inherited)",
					"@executable_path/../Frameworks",
				);
				PRODUCT_BUNDLE_IDENTIFIER = com.coffeeandfun.stillkeysuitests;
				PRODUCT_NAME = "$(TARGET_NAME)";
				SWIFT_EMIT_LOC_STRINGS = YES;
				TEST_TARGET_NAME = Stillkeys;
			};
			name = Release;
		};
		24315A1CA83C096A6E3F3DD2 /* Release */ = {
			isa = XCBuildConfiguration;
			buildSettings = {
				BUNDLE_LOADER = "$(TEST_HOST)";
				CODE_SIGN_STYLE = Automatic;
				DEVELOPMENT_TEAM = "";
				GENERATE_INFOPLIST_FILE = YES;
				LD_RUNPATH_SEARCH_PATHS = (
					"$(inherited)",
					"@executable_path/../Frameworks",
				);
				PRODUCT_BUNDLE_IDENTIFIER = com.coffeeandfun.stillkeystests;
				PRODUCT_NAME = "$(TARGET_NAME)";
				SWIFT_EMIT_LOC_STRINGS = YES;
				TEST_HOST = "$(BUILT_PRODUCTS_DIR)/Stillkeys.app/Contents/MacOS/Stillkeys";
			};
			name = Release;
		};
		3D553B551D2688E2E7A15153 /* Release */ = {
			isa = XCBuildConfiguration;
			buildSettings = {
				CLANG_ENABLE_MODULES = YES;
				CLANG_ENABLE_OBJC_ARC = YES;
				CLANG_WARN_BOOL_CONVERSION = YES;
				CLANG_WARN_CONSTANT_CONVERSION = YES;
				CLANG_WARN_DOCUMENTATION_COMMENTS = YES;
				CLANG_WARN_ENUM_CONVERSION = YES;
				DEBUG_INFORMATION_FORMAT = "dwarf-with-dsym";
				ENABLE_STRICT_OBJC_MSGSEND = YES;
				ENABLE_TESTABILITY = NO;
				GCC_NO_COMMON_BLOCKS = YES;
				GCC_WARN_UNUSED_FUNCTION = YES;
				GCC_WARN_UNUSED_VARIABLE = YES;
				MACOSX_DEPLOYMENT_TARGET = 14.0;
				ONLY_ACTIVE_ARCH = NO;
				SDKROOT = macosx;
				SWIFT_COMPILATION_MODE = wholemodule;
				SWIFT_OPTIMIZATION_LEVEL = "-O";
				SWIFT_STRICT_CONCURRENCY = complete;
				SWIFT_VERSION = 6.0;
			};
			name = Release;
		};
		3E74910ED9EF1CB50AFF58A9 /* DirectDebug */ = {
			isa = XCBuildConfiguration;
			buildSettings = {
				CLANG_ENABLE_MODULES = YES;
				CLANG_ENABLE_OBJC_ARC = YES;
				CLANG_WARN_BOOL_CONVERSION = YES;
				CLANG_WARN_CONSTANT_CONVERSION = YES;
				CLANG_WARN_DOCUMENTATION_COMMENTS = YES;
				CLANG_WARN_ENUM_CONVERSION = YES;
				DEBUG_INFORMATION_FORMAT = dwarf;
				ENABLE_STRICT_OBJC_MSGSEND = YES;
				ENABLE_TESTABILITY = YES;
				GCC_NO_COMMON_BLOCKS = YES;
				GCC_WARN_UNUSED_FUNCTION = YES;
				GCC_WARN_UNUSED_VARIABLE = YES;
				MACOSX_DEPLOYMENT_TARGET = 14.0;
				ONLY_ACTIVE_ARCH = YES;
				SDKROOT = macosx;
				SWIFT_ACTIVE_COMPILATION_CONDITIONS = "DEBUG $(inherited)";
				SWIFT_COMPILATION_MODE = singlefile;
				SWIFT_OPTIMIZATION_LEVEL = "-Onone";
				SWIFT_STRICT_CONCURRENCY = complete;
				SWIFT_VERSION = 6.0;
			};
			name = DirectDebug;
		};
		847162EFBA572D48B77F802E /* DirectDebug */ = {
			isa = XCBuildConfiguration;
			buildSettings = {
				ASSETCATALOG_COMPILER_APPICON_NAME = AppIcon;
				ASSETCATALOG_COMPILER_GLOBAL_ACCENT_COLOR_NAME = AccentColor;
				CODE_SIGN_ENTITLEMENTS = Config/StillkeysDirect.entitlements;
				CODE_SIGN_INJECT_BASE_ENTITLEMENTS = YES;
				CODE_SIGN_STYLE = Automatic;
				CURRENT_PROJECT_VERSION = 1;
				DEVELOPMENT_TEAM = "";
				ENABLE_APP_SANDBOX = NO;
				ENABLE_HARDENED_RUNTIME = YES;
				GENERATE_INFOPLIST_FILE = YES;
				INFOPLIST_KEY_CFBundleDisplayName = Stillkeys;
				INFOPLIST_KEY_LSApplicationCategoryType = "public.app-category.utilities";
				INFOPLIST_KEY_LSMinimumSystemVersion = "$(MACOSX_DEPLOYMENT_TARGET)";
				INFOPLIST_KEY_NSHumanReadableCopyright = "Copyright © 2026 Coffee and Fun LLC.";
				INFOPLIST_KEY_NSPrincipalClass = NSApplication;
				LD_RUNPATH_SEARCH_PATHS = (
					"$(inherited)",
					"@executable_path/../Frameworks",
				);
				MARKETING_VERSION = 1.0.0;
				PRODUCT_BUNDLE_IDENTIFIER = com.coffeeandfun.stillkeys.direct;
				PRODUCT_MODULE_NAME = Stillkeys;
				PRODUCT_NAME = "$(TARGET_NAME)";
				SWIFT_ACTIVE_COMPILATION_CONDITIONS = "DEBUG STILLKEYS_DIRECT $(inherited)";
				SWIFT_EMIT_LOC_STRINGS = YES;
			};
			name = DirectDebug;
		};
		8A8E92F5E3B99AA70D4B961B /* DirectDebug */ = {
			isa = XCBuildConfiguration;
			buildSettings = {
				BUNDLE_LOADER = "$(TEST_HOST)";
				CODE_SIGN_STYLE = Automatic;
				DEVELOPMENT_TEAM = "";
				GENERATE_INFOPLIST_FILE = YES;
				LD_RUNPATH_SEARCH_PATHS = (
					"$(inherited)",
					"@executable_path/../Frameworks",
				);
				PRODUCT_BUNDLE_IDENTIFIER = com.coffeeandfun.stillkeystests.direct;
				PRODUCT_NAME = "$(TARGET_NAME)";
				SWIFT_EMIT_LOC_STRINGS = YES;
				TEST_HOST = "$(BUILT_PRODUCTS_DIR)/Stillkeys.app/Contents/MacOS/Stillkeys";
			};
			name = DirectDebug;
		};
		A331B4DEFDFCC32F3E7481F3 /* DirectRelease */ = {
			isa = XCBuildConfiguration;
			buildSettings = {
				BUNDLE_LOADER = "$(TEST_HOST)";
				CODE_SIGN_STYLE = Automatic;
				DEVELOPMENT_TEAM = "";
				GENERATE_INFOPLIST_FILE = YES;
				LD_RUNPATH_SEARCH_PATHS = (
					"$(inherited)",
					"@executable_path/../Frameworks",
				);
				PRODUCT_BUNDLE_IDENTIFIER = com.coffeeandfun.stillkeystests.direct;
				PRODUCT_NAME = "$(TARGET_NAME)";
				SWIFT_EMIT_LOC_STRINGS = YES;
				TEST_HOST = "$(BUILT_PRODUCTS_DIR)/Stillkeys.app/Contents/MacOS/Stillkeys";
			};
			name = DirectRelease;
		};
		AA60E62D3E7BAEF305ADABEA /* Debug */ = {
			isa = XCBuildConfiguration;
			buildSettings = {
				CLANG_ENABLE_MODULES = YES;
				CLANG_ENABLE_OBJC_ARC = YES;
				CLANG_WARN_BOOL_CONVERSION = YES;
				CLANG_WARN_CONSTANT_CONVERSION = YES;
				CLANG_WARN_DOCUMENTATION_COMMENTS = YES;
				CLANG_WARN_ENUM_CONVERSION = YES;
				DEBUG_INFORMATION_FORMAT = dwarf;
				ENABLE_STRICT_OBJC_MSGSEND = YES;
				ENABLE_TESTABILITY = YES;
				GCC_NO_COMMON_BLOCKS = YES;
				GCC_WARN_UNUSED_FUNCTION = YES;
				GCC_WARN_UNUSED_VARIABLE = YES;
				MACOSX_DEPLOYMENT_TARGET = 14.0;
				ONLY_ACTIVE_ARCH = YES;
				SDKROOT = macosx;
				SWIFT_ACTIVE_COMPILATION_CONDITIONS = "DEBUG $(inherited)";
				SWIFT_COMPILATION_MODE = singlefile;
				SWIFT_OPTIMIZATION_LEVEL = "-Onone";
				SWIFT_STRICT_CONCURRENCY = complete;
				SWIFT_VERSION = 6.0;
			};
			name = Debug;
		};
		AB67F50D1C32C60B71F550D9 /* Release */ = {
			isa = XCBuildConfiguration;
			buildSettings = {
				ASSETCATALOG_COMPILER_APPICON_NAME = AppIcon;
				ASSETCATALOG_COMPILER_GLOBAL_ACCENT_COLOR_NAME = AccentColor;
				CODE_SIGN_ENTITLEMENTS = Config/Stillkeys.entitlements;
				CODE_SIGN_INJECT_BASE_ENTITLEMENTS = NO;
				CODE_SIGN_STYLE = Automatic;
				CURRENT_PROJECT_VERSION = 1;
				DEVELOPMENT_TEAM = LR6Z77X624;
				ENABLE_APP_SANDBOX = YES;
				ENABLE_HARDENED_RUNTIME = YES;
				GENERATE_INFOPLIST_FILE = YES;
				INFOPLIST_KEY_CFBundleDisplayName = Stillkeys;
				INFOPLIST_KEY_LSApplicationCategoryType = "public.app-category.utilities";
				INFOPLIST_KEY_LSMinimumSystemVersion = "$(MACOSX_DEPLOYMENT_TARGET)";
				INFOPLIST_KEY_NSHumanReadableCopyright = "Copyright © 2026 Coffee and Fun LLC.";
				INFOPLIST_KEY_NSPrincipalClass = NSApplication;
				LD_RUNPATH_SEARCH_PATHS = (
					"$(inherited)",
					"@executable_path/../Frameworks",
				);
				MARKETING_VERSION = 1.0.0;
				PRODUCT_BUNDLE_IDENTIFIER = com.coffeeandfun.stillkeys;
				PRODUCT_MODULE_NAME = Stillkeys;
				PRODUCT_NAME = "$(TARGET_NAME)";
				SWIFT_EMIT_LOC_STRINGS = YES;
			};
			name = Release;
		};
		B11F3BC8C76D3ADDED79C52F /* Debug */ = {
			isa = XCBuildConfiguration;
			buildSettings = {
				CODE_SIGN_STYLE = Automatic;
				DEVELOPMENT_TEAM = "";
				GENERATE_INFOPLIST_FILE = YES;
				LD_RUNPATH_SEARCH_PATHS = (
					"$(inherited)",
					"@executable_path/../Frameworks",
				);
				PRODUCT_BUNDLE_IDENTIFIER = com.coffeeandfun.stillkeysuitests;
				PRODUCT_NAME = "$(TARGET_NAME)";
				SWIFT_EMIT_LOC_STRINGS = YES;
				TEST_TARGET_NAME = Stillkeys;
			};
			name = Debug;
		};
		BA0D71AEB38328B7A4AE01E5 /* Debug */ = {
			isa = XCBuildConfiguration;
			buildSettings = {
				BUNDLE_LOADER = "$(TEST_HOST)";
				CODE_SIGN_STYLE = Automatic;
				DEVELOPMENT_TEAM = "";
				GENERATE_INFOPLIST_FILE = YES;
				LD_RUNPATH_SEARCH_PATHS = (
					"$(inherited)",
					"@executable_path/../Frameworks",
				);
				PRODUCT_BUNDLE_IDENTIFIER = com.coffeeandfun.stillkeystests;
				PRODUCT_NAME = "$(TARGET_NAME)";
				SWIFT_EMIT_LOC_STRINGS = YES;
				TEST_HOST = "$(BUILT_PRODUCTS_DIR)/Stillkeys.app/Contents/MacOS/Stillkeys";
			};
			name = Debug;
		};
		D9A505FFC0F9099C77F935BF /* DirectRelease */ = {
			isa = XCBuildConfiguration;
			buildSettings = {
				CODE_SIGN_STYLE = Automatic;
				DEVELOPMENT_TEAM = "";
				GENERATE_INFOPLIST_FILE = YES;
				LD_RUNPATH_SEARCH_PATHS = (
					"$(inherited)",
					"@executable_path/../Frameworks",
				);
				PRODUCT_BUNDLE_IDENTIFIER = com.coffeeandfun.stillkeysuitests.direct;
				PRODUCT_NAME = "$(TARGET_NAME)";
				SWIFT_EMIT_LOC_STRINGS = YES;
				TEST_TARGET_NAME = Stillkeys;
			};
			name = DirectRelease;
		};
		F756D5AEE3314A7532BFAA2E /* Debug */ = {
			isa = XCBuildConfiguration;
			buildSettings = {
				ASSETCATALOG_COMPILER_APPICON_NAME = AppIcon;
				ASSETCATALOG_COMPILER_GLOBAL_ACCENT_COLOR_NAME = AccentColor;
				CODE_SIGN_ENTITLEMENTS = Config/Stillkeys.entitlements;
				CODE_SIGN_INJECT_BASE_ENTITLEMENTS = YES;
				CODE_SIGN_STYLE = Automatic;
				CURRENT_PROJECT_VERSION = 1;
				DEVELOPMENT_TEAM = LR6Z77X624;
				ENABLE_APP_SANDBOX = YES;
				ENABLE_HARDENED_RUNTIME = YES;
				GENERATE_INFOPLIST_FILE = YES;
				INFOPLIST_KEY_CFBundleDisplayName = Stillkeys;
				INFOPLIST_KEY_LSApplicationCategoryType = "public.app-category.utilities";
				INFOPLIST_KEY_LSMinimumSystemVersion = "$(MACOSX_DEPLOYMENT_TARGET)";
				INFOPLIST_KEY_NSHumanReadableCopyright = "Copyright © 2026 Coffee and Fun LLC.";
				INFOPLIST_KEY_NSPrincipalClass = NSApplication;
				LD_RUNPATH_SEARCH_PATHS = (
					"$(inherited)",
					"@executable_path/../Frameworks",
				);
				MARKETING_VERSION = 1.0.0;
				PRODUCT_BUNDLE_IDENTIFIER = com.coffeeandfun.stillkeys;
				PRODUCT_MODULE_NAME = Stillkeys;
				PRODUCT_NAME = "$(TARGET_NAME)";
				SWIFT_EMIT_LOC_STRINGS = YES;
			};
			name = Debug;
		};
/* End XCBuildConfiguration section */

/* Begin XCConfigurationList section */
		0682B2707B2AC2971EB14D26 /* Build configuration list for PBXNativeTarget "StillkeysTests" */ = {
			isa = XCConfigurationList;
			buildConfigurations = (
				BA0D71AEB38328B7A4AE01E5 /* Debug */,
				24315A1CA83C096A6E3F3DD2 /* Release */,
				8A8E92F5E3B99AA70D4B961B /* DirectDebug */,
				A331B4DEFDFCC32F3E7481F3 /* DirectRelease */,
			);
			defaultConfigurationIsVisible = 0;
			defaultConfigurationName = Release;
		};
		0EB871C5B06EE31672170BA7 /* Build configuration list for PBXNativeTarget "StillkeysUITests" */ = {
			isa = XCConfigurationList;
			buildConfigurations = (
				B11F3BC8C76D3ADDED79C52F /* Debug */,
				1CF0F02EB4DA6372DCB381BD /* Release */,
				050A7CCB05FBFF08C92BD253 /* DirectDebug */,
				D9A505FFC0F9099C77F935BF /* DirectRelease */,
			);
			defaultConfigurationIsVisible = 0;
			defaultConfigurationName = Release;
		};
		6650A2B5E24FA7522CE6B81C /* Build configuration list for PBXProject "Stillkeys" */ = {
			isa = XCConfigurationList;
			buildConfigurations = (
				AA60E62D3E7BAEF305ADABEA /* Debug */,
				3D553B551D2688E2E7A15153 /* Release */,
				3E74910ED9EF1CB50AFF58A9 /* DirectDebug */,
				14C47BFD1EA2D5F6273D2B6C /* DirectRelease */,
			);
			defaultConfigurationIsVisible = 0;
			defaultConfigurationName = Release;
		};
		9B2C6787D4764A0011B847AE /* Build configuration list for PBXNativeTarget "Stillkeys" */ = {
			isa = XCConfigurationList;
			buildConfigurations = (
				F756D5AEE3314A7532BFAA2E /* Debug */,
				AB67F50D1C32C60B71F550D9 /* Release */,
				847162EFBA572D48B77F802E /* DirectDebug */,
				00765A7F4AC595C762589B9F /* DirectRelease */,
			);
			defaultConfigurationIsVisible = 0;
			defaultConfigurationName = Release;
		};
/* End XCConfigurationList section */
	};
	rootObject = 98F54143AB4E86B28C3AFEE0 /* Project object */;
}
